Microsoft Visual Studio Solution File, Format Version 12.00
# Visual Studio 16
Project("{8BC9CEB8-8B4A-11D0-8D11-00A0C91BC942}") = "ALL_BUILD", "ALL_BUILD.vcxproj", "{E6CFEA60-0DB3-34F4-A729-A7E1CEDCB2CF}"
	ProjectSection(ProjectDependencies) = postProject
		{06ADB649-F537-3666-83DE-64D1A1C301C3} = {06ADB649-F537-3666-83DE-64D1A1C301C3}
		{4F100656-338C-3FF1-90A5-6F422C2D2F92} = {4F100656-338C-3FF1-90A5-6F422C2D2F92}
		{6C8F5374-0C75-316D-BC0D-1E94D9103ABD} = {6C8F5374-0C75-316D-BC0D-1E94D9103ABD}
		{FF146B13-FA6B-38DF-895F-6128CD7B6D82} = {FF146B13-FA6B-38DF-895F-6128CD7B6D82}
		{FD4B6EBE-1D86-31DB-BBE1-3B1098E4500E} = {FD4B6EBE-1D86-31DB-BBE1-3B1098E4500E}
		{CE9350CD-A17C-31F2-89D9-94AB0972F86E} = {CE9350CD-A17C-31F2-89D9-94AB0972F86E}
		{183E11EB-96AA-329C-B08E-2F6872134BFF} = {183E11EB-96AA-329C-B08E-2F6872134BFF}
		{A63185E4-6838-3FE6-8BEF-CAB19B0351A4} = {A63185E4-6838-3FE6-8BEF-CAB19B0351A4}
		{7051A9FA-AC88-3529-90BD-42E34993D930} = {7051A9FA-AC88-3529-90BD-42E34993D930}
		{802D4BAC-B562-3725-8472-C685B6983329} = {802D4BAC-B562-3725-8472-C685B6983329}
		{375545F7-4959-351A-AA0D-EE464099A7DC} = {375545F7-4959-351A-AA0D-EE464099A7DC}
		{34A70B1E-08C8-360B-8F59-17BE8532DC06} = {34A70B1E-08C8-360B-8F59-17BE8532DC06}
		{4C038C95-6617-3117-9899-2BA76269D120} = {4C038C95-6617-3117-9899-2BA76269D120}
		{25267C20-7927-3DED-91A2-F7D79BAFF22A} = {25267C20-7927-3DED-91A2-F7D79BAFF22A}
		{3D3DD1D8-45C6-3777-A9B4-43394C4522AC} = {3D3DD1D8-45C6-3777-A9B4-43394C4522AC}
		{A44D63FC-980B-392D-BBAF-1CF878CB1EE6} = {A44D63FC-980B-392D-BBAF-1CF878CB1EE6}
		{4BE7B920-EA50-3D31-90B2-B4C70C7ED7CD} = {4BE7B920-EA50-3D31-90B2-B4C70C7ED7CD}
		{9B897C06-4E86-30B8-83E4-B8C083F529A0} = {9B897C06-4E86-30B8-83E4-B8C083F529A0}
		{4F9A2F9A-7A19-39BF-B178-B86727C2DE27} = {4F9A2F9A-7A19-39BF-B178-B86727C2DE27}
		{803ECBA1-6728-3683-876D-74A36312C99D} = {803ECBA1-6728-3683-876D-74A36312C99D}
		{94D8BDCC-C5B6-3787-B67C-691F448A69E9} = {94D8BDCC-C5B6-3787-B67C-691F448A69E9}
		{5A9EAA39-DDA7-3B0F-924D-7C00AACE8EAF} = {5A9EAA39-DDA7-3B0F-924D-7C00AACE8EAF}
	EndProjectSection
EndProject
Project("{8BC9CEB8-8B4A-11D0-8D11-00A0C91BC942}") = "INSTALL", "INSTALL.vcxproj", "{92C48699-00FC-3B5B-B30C-0E0E385E5FAB}"
	ProjectSection(ProjectDependencies) = postProject
		{E6CFEA60-0DB3-34F4-A729-A7E1CEDCB2CF} = {E6CFEA60-0DB3-34F4-A729-A7E1CEDCB2CF}
		{06ADB649-F537-3666-83DE-64D1A1C301C3} = {06ADB649-F537-3666-83DE-64D1A1C301C3}
	EndProjectSection
EndProject
Project("{8BC9CEB8-8B4A-11D0-8D11-00A0C91BC942}") = "RUN_TESTS", "RUN_TESTS.vcxproj", "{AD40E282-CCFB-3755-9E40-4FFF9E02E2DA}"
	ProjectSection(ProjectDependencies) = postProject
		{06ADB649-F537-3666-83DE-64D1A1C301C3} = {06ADB649-F537-3666-83DE-64D1A1C301C3}
	EndProjectSection
EndProject
Project("{8BC9CEB8-8B4A-11D0-8D11-00A0C91BC942}") = "ZERO_CHECK", "ZERO_CHECK.vcxproj", "{06ADB649-F537-3666-83DE-64D1A1C301C3}"
	ProjectSection(ProjectDependencies) = postProject
	EndProjectSection
EndProject
Project("{8BC9CEB8-8B4A-11D0-8D11-00A0C91BC942}") = "assert-test", "test\assert-test.vcxproj", "{4F100656-338C-3FF1-90A5-6F422C2D2F92}"
	ProjectSection(ProjectDependencies) = postProject
		{06ADB649-F537-3666-83DE-64D1A1C301C3} = {06ADB649-F537-3666-83DE-64D1A1C301C3}
		{A63185E4-6838-3FE6-8BEF-CAB19B0351A4} = {A63185E4-6838-3FE6-8BEF-CAB19B0351A4}
		{375545F7-4959-351A-AA0D-EE464099A7DC} = {375545F7-4959-351A-AA0D-EE464099A7DC}
		{5A9EAA39-DDA7-3B0F-924D-7C00AACE8EAF} = {5A9EAA39-DDA7-3B0F-924D-7C00AACE8EAF}
	EndProjectSection
EndProject
Project("{8BC9CEB8-8B4A-11D0-8D11-00A0C91BC942}") = "chrono-test", "test\chrono-test.vcxproj", "{6C8F5374-0C75-316D-BC0D-1E94D9103ABD}"
	ProjectSection(ProjectDependencies) = postProject
		{06ADB649-F537-3666-83DE-64D1A1C301C3} = {06ADB649-F537-3666-83DE-64D1A1C301C3}
		{A63185E4-6838-3FE6-8BEF-CAB19B0351A4} = {A63185E4-6838-3FE6-8BEF-CAB19B0351A4}
		{375545F7-4959-351A-AA0D-EE464099A7DC} = {375545F7-4959-351A-AA0D-EE464099A7DC}
		{5A9EAA39-DDA7-3B0F-924D-7C00AACE8EAF} = {5A9EAA39-DDA7-3B0F-924D-7C00AACE8EAF}
	EndProjectSection
EndProject
Project("{8BC9CEB8-8B4A-11D0-8D11-00A0C91BC942}") = "color-test", "test\color-test.vcxproj", "{FF146B13-FA6B-38DF-895F-6128CD7B6D82}"
	ProjectSection(ProjectDependencies) = postProject
		{06ADB649-F537-3666-83DE-64D1A1C301C3} = {06ADB649-F537-3666-83DE-64D1A1C301C3}
		{A63185E4-6838-3FE6-8BEF-CAB19B0351A4} = {A63185E4-6838-3FE6-8BEF-CAB19B0351A4}
		{375545F7-4959-351A-AA0D-EE464099A7DC} = {375545F7-4959-351A-AA0D-EE464099A7DC}
		{5A9EAA39-DDA7-3B0F-924D-7C00AACE8EAF} = {5A9EAA39-DDA7-3B0F-924D-7C00AACE8EAF}
	EndProjectSection
EndProject
Project("{8BC9CEB8-8B4A-11D0-8D11-00A0C91BC942}") = "compile-test", "test\compile-test.vcxproj", "{FD4B6EBE-1D86-31DB-BBE1-3B1098E4500E}"
	ProjectSection(ProjectDependencies) = postProject
		{06ADB649-F537-3666-83DE-64D1A1C301C3} = {06ADB649-F537-3666-83DE-64D1A1C301C3}
		{A63185E4-6838-3FE6-8BEF-CAB19B0351A4} = {A63185E4-6838-3FE6-8BEF-CAB19B0351A4}
		{375545F7-4959-351A-AA0D-EE464099A7DC} = {375545F7-4959-351A-AA0D-EE464099A7DC}
		{5A9EAA39-DDA7-3B0F-924D-7C00AACE8EAF} = {5A9EAA39-DDA7-3B0F-924D-7C00AACE8EAF}
	EndProjectSection
EndProject
Project("{8BC9CEB8-8B4A-11D0-8D11-00A0C91BC942}") = "core-test", "test\core-test.vcxproj", "{CE9350CD-A17C-31F2-89D9-94AB0972F86E}"
	ProjectSection(ProjectDependencies) = postProject
		{06ADB649-F537-3666-83DE-64D1A1C301C3} = {06ADB649-F537-3666-83DE-64D1A1C301C3}
		{A63185E4-6838-3FE6-8BEF-CAB19B0351A4} = {A63185E4-6838-3FE6-8BEF-CAB19B0351A4}
		{375545F7-4959-351A-AA0D-EE464099A7DC} = {375545F7-4959-351A-AA0D-EE464099A7DC}
		{5A9EAA39-DDA7-3B0F-924D-7C00AACE8EAF} = {5A9EAA39-DDA7-3B0F-924D-7C00AACE8EAF}
	EndProjectSection
EndProject
Project("{8BC9CEB8-8B4A-11D0-8D11-00A0C91BC942}") = "custom-formatter-test", "test\custom-formatter-test.vcxproj", "{183E11EB-96AA-329C-B08E-2F6872134BFF}"
	ProjectSection(ProjectDependencies) = postProject
		{06ADB649-F537-3666-83DE-64D1A1C301C3} = {06ADB649-F537-3666-83DE-64D1A1C301C3}
		{A63185E4-6838-3FE6-8BEF-CAB19B0351A4} = {A63185E4-6838-3FE6-8BEF-CAB19B0351A4}
		{375545F7-4959-351A-AA0D-EE464099A7DC} = {375545F7-4959-351A-AA0D-EE464099A7DC}
		{5A9EAA39-DDA7-3B0F-924D-7C00AACE8EAF} = {5A9EAA39-DDA7-3B0F-924D-7C00AACE8EAF}
	EndProjectSection
EndProject
Project("{8BC9CEB8-8B4A-11D0-8D11-00A0C91BC942}") = "fmt", "fmt.vcxproj", "{A63185E4-6838-3FE6-8BEF-CAB19B0351A4}"
	ProjectSection(ProjectDependencies) = postProject
		{06ADB649-F537-3666-83DE-64D1A1C301C3} = {06ADB649-F537-3666-83DE-64D1A1C301C3}
	EndProjectSection
EndProject
Project("{8BC9CEB8-8B4A-11D0-8D11-00A0C91BC942}") = "format-impl-test", "test\format-impl-test.vcxproj", "{7051A9FA-AC88-3529-90BD-42E34993D930}"
	ProjectSection(ProjectDependencies) = postProject
		{06ADB649-F537-3666-83DE-64D1A1C301C3} = {06ADB649-F537-3666-83DE-64D1A1C301C3}
		{A63185E4-6838-3FE6-8BEF-CAB19B0351A4} = {A63185E4-6838-3FE6-8BEF-CAB19B0351A4}
		{375545F7-4959-351A-AA0D-EE464099A7DC} = {375545F7-4959-351A-AA0D-EE464099A7DC}
		{5A9EAA39-DDA7-3B0F-924D-7C00AACE8EAF} = {5A9EAA39-DDA7-3B0F-924D-7C00AACE8EAF}
	EndProjectSection
EndProject
Project("{8BC9CEB8-8B4A-11D0-8D11-00A0C91BC942}") = "format-test", "test\format-test.vcxproj", "{802D4BAC-B562-3725-8472-C685B6983329}"
	ProjectSection(ProjectDependencies) = postProject
		{06ADB649-F537-3666-83DE-64D1A1C301C3} = {06ADB649-F537-3666-83DE-64D1A1C301C3}
		{A63185E4-6838-3FE6-8BEF-CAB19B0351A4} = {A63185E4-6838-3FE6-8BEF-CAB19B0351A4}
		{375545F7-4959-351A-AA0D-EE464099A7DC} = {375545F7-4959-351A-AA0D-EE464099A7DC}
		{5A9EAA39-DDA7-3B0F-924D-7C00AACE8EAF} = {5A9EAA39-DDA7-3B0F-924D-7C00AACE8EAF}
	EndProjectSection
EndProject
Project("{8BC9CEB8-8B4A-11D0-8D11-00A0C91BC942}") = "gmock", "test\gmock.vcxproj", "{375545F7-4959-351A-AA0D-EE464099A7DC}"
	ProjectSection(ProjectDependencies) = postProject
		{06ADB649-F537-3666-83DE-64D1A1C301C3} = {06ADB649-F537-3666-83DE-64D1A1C301C3}
	EndProjectSection
EndProject
Project("{8BC9CEB8-8B4A-11D0-8D11-00A0C91BC942}") = "grisu-test", "test\grisu-test.vcxproj", "{34A70B1E-08C8-360B-8F59-17BE8532DC06}"
	ProjectSection(ProjectDependencies) = postProject
		{06ADB649-F537-3666-83DE-64D1A1C301C3} = {06ADB649-F537-3666-83DE-64D1A1C301C3}
		{A63185E4-6838-3FE6-8BEF-CAB19B0351A4} = {A63185E4-6838-3FE6-8BEF-CAB19B0351A4}
		{375545F7-4959-351A-AA0D-EE464099A7DC} = {375545F7-4959-351A-AA0D-EE464099A7DC}
		{5A9EAA39-DDA7-3B0F-924D-7C00AACE8EAF} = {5A9EAA39-DDA7-3B0F-924D-7C00AACE8EAF}
	EndProjectSection
EndProject
Project("{8BC9CEB8-8B4A-11D0-8D11-00A0C91BC942}") = "gtest-extra-test", "test\gtest-extra-test.vcxproj", "{4C038C95-6617-3117-9899-2BA76269D120}"
	ProjectSection(ProjectDependencies) = postProject
		{06ADB649-F537-3666-83DE-64D1A1C301C3} = {06ADB649-F537-3666-83DE-64D1A1C301C3}
		{A63185E4-6838-3FE6-8BEF-CAB19B0351A4} = {A63185E4-6838-3FE6-8BEF-CAB19B0351A4}
		{375545F7-4959-351A-AA0D-EE464099A7DC} = {375545F7-4959-351A-AA0D-EE464099A7DC}
		{5A9EAA39-DDA7-3B0F-924D-7C00AACE8EAF} = {5A9EAA39-DDA7-3B0F-924D-7C00AACE8EAF}
	EndProjectSection
EndProject
Project("{8BC9CEB8-8B4A-11D0-8D11-00A0C91BC942}") = "header-only-test", "test\header-only-test.vcxproj", "{25267C20-7927-3DED-91A2-F7D79BAFF22A}"
	ProjectSection(ProjectDependencies) = postProject
		{06ADB649-F537-3666-83DE-64D1A1C301C3} = {06ADB649-F537-3666-83DE-64D1A1C301C3}
		{375545F7-4959-351A-AA0D-EE464099A7DC} = {375545F7-4959-351A-AA0D-EE464099A7DC}
	EndProjectSection
EndProject
Project("{8BC9CEB8-8B4A-11D0-8D11-00A0C91BC942}") = "locale-test", "test\locale-test.vcxproj", "{3D3DD1D8-45C6-3777-A9B4-43394C4522AC}"
	ProjectSection(ProjectDependencies) = postProject
		{06ADB649-F537-3666-83DE-64D1A1C301C3} = {06ADB649-F537-3666-83DE-64D1A1C301C3}
		{A63185E4-6838-3FE6-8BEF-CAB19B0351A4} = {A63185E4-6838-3FE6-8BEF-CAB19B0351A4}
		{375545F7-4959-351A-AA0D-EE464099A7DC} = {375545F7-4959-351A-AA0D-EE464099A7DC}
		{5A9EAA39-DDA7-3B0F-924D-7C00AACE8EAF} = {5A9EAA39-DDA7-3B0F-924D-7C00AACE8EAF}
	EndProjectSection
EndProject
Project("{8BC9CEB8-8B4A-11D0-8D11-00A0C91BC942}") = "os-test", "test\os-test.vcxproj", "{A44D63FC-980B-392D-BBAF-1CF878CB1EE6}"
	ProjectSection(ProjectDependencies) = postProject
		{06ADB649-F537-3666-83DE-64D1A1C301C3} = {06ADB649-F537-3666-83DE-64D1A1C301C3}
		{A63185E4-6838-3FE6-8BEF-CAB19B0351A4} = {A63185E4-6838-3FE6-8BEF-CAB19B0351A4}
		{375545F7-4959-351A-AA0D-EE464099A7DC} = {375545F7-4959-351A-AA0D-EE464099A7DC}
		{5A9EAA39-DDA7-3B0F-924D-7C00AACE8EAF} = {5A9EAA39-DDA7-3B0F-924D-7C00AACE8EAF}
	EndProjectSection
EndProject
Project("{8BC9CEB8-8B4A-11D0-8D11-00A0C91BC942}") = "ostream-test", "test\ostream-test.vcxproj", "{4BE7B920-EA50-3D31-90B2-B4C70C7ED7CD}"
	ProjectSection(ProjectDependencies) = postProject
		{06ADB649-F537-3666-83DE-64D1A1C301C3} = {06ADB649-F537-3666-83DE-64D1A1C301C3}
		{A63185E4-6838-3FE6-8BEF-CAB19B0351A4} = {A63185E4-6838-3FE6-8BEF-CAB19B0351A4}
		{375545F7-4959-351A-AA0D-EE464099A7DC} = {375545F7-4959-351A-AA0D-EE464099A7DC}
		{5A9EAA39-DDA7-3B0F-924D-7C00AACE8EAF} = {5A9EAA39-DDA7-3B0F-924D-7C00AACE8EAF}
	EndProjectSection
EndProject
Project("{8BC9CEB8-8B4A-11D0-8D11-00A0C91BC942}") = "posix-mock-test", "test\posix-mock-test.vcxproj", "{9B897C06-4E86-30B8-83E4-B8C083F529A0}"
	ProjectSection(ProjectDependencies) = postProject
		{06ADB649-F537-3666-83DE-64D1A1C301C3} = {06ADB649-F537-3666-83DE-64D1A1C301C3}
		{375545F7-4959-351A-AA0D-EE464099A7DC} = {375545F7-4959-351A-AA0D-EE464099A7DC}
	EndProjectSection
EndProject
Project("{8BC9CEB8-8B4A-11D0-8D11-00A0C91BC942}") = "printf-test", "test\printf-test.vcxproj", "{4F9A2F9A-7A19-39BF-B178-B86727C2DE27}"
	ProjectSection(ProjectDependencies) = postProject
		{06ADB649-F537-3666-83DE-64D1A1C301C3} = {06ADB649-F537-3666-83DE-64D1A1C301C3}
		{A63185E4-6838-3FE6-8BEF-CAB19B0351A4} = {A63185E4-6838-3FE6-8BEF-CAB19B0351A4}
		{375545F7-4959-351A-AA0D-EE464099A7DC} = {375545F7-4959-351A-AA0D-EE464099A7DC}
		{5A9EAA39-DDA7-3B0F-924D-7C00AACE8EAF} = {5A9EAA39-DDA7-3B0F-924D-7C00AACE8EAF}
	EndProjectSection
EndProject
Project("{8BC9CEB8-8B4A-11D0-8D11-00A0C91BC942}") = "ranges-test", "test\ranges-test.vcxproj", "{803ECBA1-6728-3683-876D-74A36312C99D}"
	ProjectSection(ProjectDependencies) = postProject
		{06ADB649-F537-3666-83DE-64D1A1C301C3} = {06ADB649-F537-3666-83DE-64D1A1C301C3}
		{A63185E4-6838-3FE6-8BEF-CAB19B0351A4} = {A63185E4-6838-3FE6-8BEF-CAB19B0351A4}
		{375545F7-4959-351A-AA0D-EE464099A7DC} = {375545F7-4959-351A-AA0D-EE464099A7DC}
		{5A9EAA39-DDA7-3B0F-924D-7C00AACE8EAF} = {5A9EAA39-DDA7-3B0F-924D-7C00AACE8EAF}
	EndProjectSection
EndProject
Project("{8BC9CEB8-8B4A-11D0-8D11-00A0C91BC942}") = "scan-test", "test\scan-test.vcxproj", "{94D8BDCC-C5B6-3787-B67C-691F448A69E9}"
	ProjectSection(ProjectDependencies) = postProject
		{06ADB649-F537-3666-83DE-64D1A1C301C3} = {06ADB649-F537-3666-83DE-64D1A1C301C3}
		{A63185E4-6838-3FE6-8BEF-CAB19B0351A4} = {A63185E4-6838-3FE6-8BEF-CAB19B0351A4}
		{375545F7-4959-351A-AA0D-EE464099A7DC} = {375545F7-4959-351A-AA0D-EE464099A7DC}
		{5A9EAA39-DDA7-3B0F-924D-7C00AACE8EAF} = {5A9EAA39-DDA7-3B0F-924D-7C00AACE8EAF}
	EndProjectSection
EndProject
Project("{8BC9CEB8-8B4A-11D0-8D11-00A0C91BC942}") = "test-main", "test\test-main.vcxproj", "{5A9EAA39-DDA7-3B0F-924D-7C00AACE8EAF}"
	ProjectSection(ProjectDependencies) = postProject
		{06ADB649-F537-3666-83DE-64D1A1C301C3} = {06ADB649-F537-3666-83DE-64D1A1C301C3}
		{A63185E4-6838-3FE6-8BEF-CAB19B0351A4} = {A63185E4-6838-3FE6-8BEF-CAB19B0351A4}
		{375545F7-4959-351A-AA0D-EE464099A7DC} = {375545F7-4959-351A-AA0D-EE464099A7DC}
	EndProjectSection
EndProject
Global
	GlobalSection(SolutionConfigurationPlatforms) = preSolution
		Debug|x64 = Debug|x64
		Release|x64 = Release|x64
		MinSizeRel|x64 = MinSizeRel|x64
		RelWithDebInfo|x64 = RelWithDebInfo|x64
	EndGlobalSection
	GlobalSection(ProjectConfigurationPlatforms) = postSolution
		{E6CFEA60-0DB3-34F4-A729-A7E1CEDCB2CF}.Debug|x64.ActiveCfg = Debug|x64
		{E6CFEA60-0DB3-34F4-A729-A7E1CEDCB2CF}.Debug|x64.Build.0 = Debug|x64
		{E6CFEA60-0DB3-34F4-A729-A7E1CEDCB2CF}.Release|x64.ActiveCfg = Release|x64
		{E6CFEA60-0DB3-34F4-A729-A7E1CEDCB2CF}.Release|x64.Build.0 = Release|x64
		{E6CFEA60-0DB3-34F4-A729-A7E1CEDCB2CF}.MinSizeRel|x64.ActiveCfg = MinSizeRel|x64
		{E6CFEA60-0DB3-34F4-A729-A7E1CEDCB2CF}.MinSizeRel|x64.Build.0 = MinSizeRel|x64
		{E6CFEA60-0DB3-34F4-A729-A7E1CEDCB2CF}.RelWithDebInfo|x64.ActiveCfg = RelWithDebInfo|x64
		{E6CFEA60-0DB3-34F4-A729-A7E1CEDCB2CF}.RelWithDebInfo|x64.Build.0 = RelWithDebInfo|x64
		{92C48699-00FC-3B5B-B30C-0E0E385E5FAB}.Debug|x64.ActiveCfg = Debug|x64
		{92C48699-00FC-3B5B-B30C-0E0E385E5FAB}.Release|x64.ActiveCfg = Release|x64
		{92C48699-00FC-3B5B-B30C-0E0E385E5FAB}.MinSizeRel|x64.ActiveCfg = MinSizeRel|x64
		{92C48699-00FC-3B5B-B30C-0E0E385E5FAB}.RelWithDebInfo|x64.ActiveCfg = RelWithDebInfo|x64
		{AD40E282-CCFB-3755-9E40-4FFF9E02E2DA}.Debug|x64.ActiveCfg = Debug|x64
		{AD40E282-CCFB-3755-9E40-4FFF9E02E2DA}.Release|x64.ActiveCfg = Release|x64
		{AD40E282-CCFB-3755-9E40-4FFF9E02E2DA}.MinSizeRel|x64.ActiveCfg = MinSizeRel|x64
		{AD40E282-CCFB-3755-9E40-4FFF9E02E2DA}.RelWithDebInfo|x64.ActiveCfg = RelWithDebInfo|x64
		{06ADB649-F537-3666-83DE-64D1A1C301C3}.Debug|x64.ActiveCfg = Debug|x64
		{06ADB649-F537-3666-83DE-64D1A1C301C3}.Debug|x64.Build.0 = Debug|x64
		{06ADB649-F537-3666-83DE-64D1A1C301C3}.Release|x64.ActiveCfg = Release|x64
		{06ADB649-F537-3666-83DE-64D1A1C301C3}.Release|x64.Build.0 = Release|x64
		{06ADB649-F537-3666-83DE-64D1A1C301C3}.MinSizeRel|x64.ActiveCfg = MinSizeRel|x64
		{06ADB649-F537-3666-83DE-64D1A1C301C3}.MinSizeRel|x64.Build.0 = MinSizeRel|x64
		{06ADB649-F537-3666-83DE-64D1A1C301C3}.RelWithDebInfo|x64.ActiveCfg = RelWithDebInfo|x64
		{06ADB649-F537-3666-83DE-64D1A1C301C3}.RelWithDebInfo|x64.Build.0 = RelWithDebInfo|x64
		{4F100656-338C-3FF1-90A5-6F422C2D2F92}.Debug|x64.ActiveCfg = Debug|x64
		{4F100656-338C-3FF1-90A5-6F422C2D2F92}.Debug|x64.Build.0 = Debug|x64
		{4F100656-338C-3FF1-90A5-6F422C2D2F92}.Release|x64.ActiveCfg = Release|x64
		{4F100656-338C-3FF1-90A5-6F422C2D2F92}.Release|x64.Build.0 = Release|x64
		{4F100656-338C-3FF1-90A5-6F422C2D2F92}.MinSizeRel|x64.ActiveCfg = MinSizeRel|x64
		{4F100656-338C-3FF1-90A5-6F422C2D2F92}.MinSizeRel|x64.Build.0 = MinSizeRel|x64
		{4F100656-338C-3FF1-90A5-6F422C2D2F92}.RelWithDebInfo|x64.ActiveCfg = RelWithDebInfo|x64
		{4F100656-338C-3FF1-90A5-6F422C2D2F92}.RelWithDebInfo|x64.Build.0 = RelWithDebInfo|x64
		{6C8F5374-0C75-316D-BC0D-1E94D9103ABD}.Debug|x64.ActiveCfg = Debug|x64
		{6C8F5374-0C75-316D-BC0D-1E94D9103ABD}.Debug|x64.Build.0 = Debug|x64
		{6C8F5374-0C75-316D-BC0D-1E94D9103ABD}.Release|x64.ActiveCfg = Release|x64
		{6C8F5374-0C75-316D-BC0D-1E94D9103ABD}.Release|x64.Build.0 = Release|x64
		{6C8F5374-0C75-316D-BC0D-1E94D9103ABD}.MinSizeRel|x64.ActiveCfg = MinSizeRel|x64
		{6C8F5374-0C75-316D-BC0D-1E94D9103ABD}.MinSizeRel|x64.Build.0 = MinSizeRel|x64
		{6C8F5374-0C75-316D-BC0D-1E94D9103ABD}.RelWithDebInfo|x64.ActiveCfg = RelWithDebInfo|x64
		{6C8F5374-0C75-316D-BC0D-1E94D9103ABD}.RelWithDebInfo|x64.Build.0 = RelWithDebInfo|x64
		{FF146B13-FA6B-38DF-895F-6128CD7B6D82}.Debug|x64.ActiveCfg = Debug|x64
		{FF146B13-FA6B-38DF-895F-6128CD7B6D82}.Debug|x64.Build.0 = Debug|x64
		{FF146B13-FA6B-38DF-895F-6128CD7B6D82}.Release|x64.ActiveCfg = Release|x64
		{FF146B13-FA6B-38DF-895F-6128CD7B6D82}.Release|x64.Build.0 = Release|x64
		{FF146B13-FA6B-38DF-895F-6128CD7B6D82}.MinSizeRel|x64.ActiveCfg = MinSizeRel|x64
		{FF146B13-FA6B-38DF-895F-6128CD7B6D82}.MinSizeRel|x64.Build.0 = MinSizeRel|x64
		{FF146B13-FA6B-38DF-895F-6128CD7B6D82}.RelWithDebInfo|x64.ActiveCfg = RelWithDebInfo|x64
		{FF146B13-FA6B-38DF-895F-6128CD7B6D82}.RelWithDebInfo|x64.Build.0 = RelWithDebInfo|x64
		{FD4B6EBE-1D86-31DB-BBE1-3B1098E4500E}.Debug|x64.ActiveCfg = Debug|x64
		{FD4B6EBE-1D86-31DB-BBE1-3B1098E4500E}.Debug|x64.Build.0 = Debug|x64
		{FD4B6EBE-1D86-31DB-BBE1-3B1098E4500E}.Release|x64.ActiveCfg = Release|x64
		{FD4B6EBE-1D86-31DB-BBE1-3B1098E4500E}.Release|x64.Build.0 = Release|x64
		{FD4B6EBE-1D86-31DB-BBE1-3B1098E4500E}.MinSizeRel|x64.ActiveCfg = MinSizeRel|x64
		{FD4B6EBE-1D86-31DB-BBE1-3B1098E4500E}.MinSizeRel|x64.Build.0 = MinSizeRel|x64
		{FD4B6EBE-1D86-31DB-BBE1-3B1098E4500E}.RelWithDebInfo|x64.ActiveCfg = RelWithDebInfo|x64
		{FD4B6EBE-1D86-31DB-BBE1-3B1098E4500E}.RelWithDebInfo|x64.Build.0 = RelWithDebInfo|x64
		{CE9350CD-A17C-31F2-89D9-94AB0972F86E}.Debug|x64.ActiveCfg = Debug|x64
		{CE9350CD-A17C-31F2-89D9-94AB0972F86E}.Debug|x64.Build.0 = Debug|x64
		{CE9350CD-A17C-31F2-89D9-94AB0972F86E}.Release|x64.ActiveCfg = Release|x64
		{CE9350CD-A17C-31F2-89D9-94AB0972F86E}.Release|x64.Build.0 = Release|x64
		{CE9350CD-A17C-31F2-89D9-94AB0972F86E}.MinSizeRel|x64.ActiveCfg = MinSizeRel|x64
		{CE9350CD-A17C-31F2-89D9-94AB0972F86E}.MinSizeRel|x64.Build.0 = MinSizeRel|x64
		{CE9350CD-A17C-31F2-89D9-94AB0972F86E}.RelWithDebInfo|x64.ActiveCfg = RelWithDebInfo|x64
		{CE9350CD-A17C-31F2-89D9-94AB0972F86E}.RelWithDebInfo|x64.Build.0 = RelWithDebInfo|x64
		{183E11EB-96AA-329C-B08E-2F6872134BFF}.Debug|x64.ActiveCfg = Debug|x64
		{183E11EB-96AA-329C-B08E-2F6872134BFF}.Debug|x64.Build.0 = Debug|x64
		{183E11EB-96AA-329C-B08E-2F6872134BFF}.Release|x64.ActiveCfg = Release|x64
		{183E11EB-96AA-329C-B08E-2F6872134BFF}.Release|x64.Build.0 = Release|x64
		{183E11EB-96AA-329C-B08E-2F6872134BFF}.MinSizeRel|x64.ActiveCfg = MinSizeRel|x64
		{183E11EB-96AA-329C-B08E-2F6872134BFF}.MinSizeRel|x64.Build.0 = MinSizeRel|x64
		{183E11EB-96AA-329C-B08E-2F6872134BFF}.RelWithDebInfo|x64.ActiveCfg = RelWithDebInfo|x64
		{183E11EB-96AA-329C-B08E-2F6872134BFF}.RelWithDebInfo|x64.Build.0 = RelWithDebInfo|x64
		{A63185E4-6838-3FE6-8BEF-CAB19B0351A4}.Debug|x64.ActiveCfg = Debug|x64
		{A63185E4-6838-3FE6-8BEF-CAB19B0351A4}.Debug|x64.Build.0 = Debug|x64
		{A63185E4-6838-3FE6-8BEF-CAB19B0351A4}.Release|x64.ActiveCfg = Release|x64
		{A63185E4-6838-3FE6-8BEF-CAB19B0351A4}.Release|x64.Build.0 = Release|x64
		{A63185E4-6838-3FE6-8BEF-CAB19B0351A4}.MinSizeRel|x64.ActiveCfg = MinSizeRel|x64
		{A63185E4-6838-3FE6-8BEF-CAB19B0351A4}.MinSizeRel|x64.Build.0 = MinSizeRel|x64
		{A63185E4-6838-3FE6-8BEF-CAB19B0351A4}.RelWithDebInfo|x64.ActiveCfg = RelWithDebInfo|x64
		{A63185E4-6838-3FE6-8BEF-CAB19B0351A4}.RelWithDebInfo|x64.Build.0 = RelWithDebInfo|x64
		{7051A9FA-AC88-3529-90BD-42E34993D930}.Debug|x64.ActiveCfg = Debug|x64
		{7051A9FA-AC88-3529-90BD-42E34993D930}.Debug|x64.Build.0 = Debug|x64
		{7051A9FA-AC88-3529-90BD-42E34993D930}.Release|x64.ActiveCfg = Release|x64
		{7051A9FA-AC88-3529-90BD-42E34993D930}.Release|x64.Build.0 = Release|x64
		{7051A9FA-AC88-3529-90BD-42E34993D930}.MinSizeRel|x64.ActiveCfg = MinSizeRel|x64
		{7051A9FA-AC88-3529-90BD-42E34993D930}.MinSizeRel|x64.Build.0 = MinSizeRel|x64
		{7051A9FA-AC88-3529-90BD-42E34993D930}.RelWithDebInfo|x64.ActiveCfg = RelWithDebInfo|x64
		{7051A9FA-AC88-3529-90BD-42E34993D930}.RelWithDebInfo|x64.Build.0 = RelWithDebInfo|x64
		{802D4BAC-B562-3725-8472-C685B6983329}.Debug|x64.ActiveCfg = Debug|x64
		{802D4BAC-B562-3725-8472-C685B6983329}.Debug|x64.Build.0 = Debug|x64
		{802D4BAC-B562-3725-8472-C685B6983329}.Release|x64.ActiveCfg = Release|x64
		{802D4BAC-B562-3725-8472-C685B6983329}.Release|x64.Build.0 = Release|x64
		{802D4BAC-B562-3725-8472-C685B6983329}.MinSizeRel|x64.ActiveCfg = MinSizeRel|x64
		{802D4BAC-B562-3725-8472-C685B6983329}.MinSizeRel|x64.Build.0 = MinSizeRel|x64
		{802D4BAC-B562-3725-8472-C685B6983329}.RelWithDebInfo|x64.ActiveCfg = RelWithDebInfo|x64
		{802D4BAC-B562-3725-8472-C685B6983329}.RelWithDebInfo|x64.Build.0 = RelWithDebInfo|x64
		{375545F7-4959-351A-AA0D-EE464099A7DC}.Debug|x64.ActiveCfg = Debug|x64
		{375545F7-4959-351A-AA0D-EE464099A7DC}.Debug|x64.Build.0 = Debug|x64
		{375545F7-4959-351A-AA0D-EE464099A7DC}.Release|x64.ActiveCfg = Release|x64
		{375545F7-4959-351A-AA0D-EE464099A7DC}.Release|x64.Build.0 = Release|x64
		{375545F7-4959-351A-AA0D-EE464099A7DC}.MinSizeRel|x64.ActiveCfg = MinSizeRel|x64
		{375545F7-4959-351A-AA0D-EE464099A7DC}.MinSizeRel|x64.Build.0 = MinSizeRel|x64
		{375545F7-4959-351A-AA0D-EE464099A7DC}.RelWithDebInfo|x64.ActiveCfg = RelWithDebInfo|x64
		{375545F7-4959-351A-AA0D-EE464099A7DC}.RelWithDebInfo|x64.Build.0 = RelWithDebInfo|x64
		{34A70B1E-08C8-360B-8F59-17BE8532DC06}.Debug|x64.ActiveCfg = Debug|x64
		{34A70B1E-08C8-360B-8F59-17BE8532DC06}.Debug|x64.Build.0 = Debug|x64
		{34A70B1E-08C8-360B-8F59-17BE8532DC06}.Release|x64.ActiveCfg = Release|x64
		{34A70B1E-08C8-360B-8F59-17BE8532DC06}.Release|x64.Build.0 = Release|x64
		{34A70B1E-08C8-360B-8F59-17BE8532DC06}.MinSizeRel|x64.ActiveCfg = MinSizeRel|x64
		{34A70B1E-08C8-360B-8F59-17BE8532DC06}.MinSizeRel|x64.Build.0 = MinSizeRel|x64
		{34A70B1E-08C8-360B-8F59-17BE8532DC06}.RelWithDebInfo|x64.ActiveCfg = RelWithDebInfo|x64
		{34A70B1E-08C8-360B-8F59-17BE8532DC06}.RelWithDebInfo|x64.Build.0 = RelWithDebInfo|x64
		{4C038C95-6617-3117-9899-2BA76269D120}.Debug|x64.ActiveCfg = Debug|x64
		{4C038C95-6617-3117-9899-2BA76269D120}.Debug|x64.Build.0 = Debug|x64
		{4C038C95-6617-3117-9899-2BA76269D120}.Release|x64.ActiveCfg = Release|x64
		{4C038C95-6617-3117-9899-2BA76269D120}.Release|x64.Build.0 = Release|x64
		{4C038C95-6617-3117-9899-2BA76269D120}.MinSizeRel|x64.ActiveCfg = MinSizeRel|x64
		{4C038C95-6617-3117-9899-2BA76269D120}.MinSizeRel|x64.Build.0 = MinSizeRel|x64
		{4C038C95-6617-3117-9899-2BA76269D120}.RelWithDebInfo|x64.ActiveCfg = RelWithDebInfo|x64
		{4C038C95-6617-3117-9899-2BA76269D120}.RelWithDebInfo|x64.Build.0 = RelWithDebInfo|x64
		{25267C20-7927-3DED-91A2-F7D79BAFF22A}.Debug|x64.ActiveCfg = Debug|x64
		{25267C20-7927-3DED-91A2-F7D79BAFF22A}.Debug|x64.Build.0 = Debug|x64
		{25267C20-7927-3DED-91A2-F7D79BAFF22A}.Release|x64.ActiveCfg = Release|x64
		{25267C20-7927-3DED-91A2-F7D79BAFF22A}.Release|x64.Build.0 = Release|x64
		{25267C20-7927-3DED-91A2-F7D79BAFF22A}.MinSizeRel|x64.ActiveCfg = MinSizeRel|x64
		{25267C20-7927-3DED-91A2-F7D79BAFF22A}.MinSizeRel|x64.Build.0 = MinSizeRel|x64
		{25267C20-7927-3DED-91A2-F7D79BAFF22A}.RelWithDebInfo|x64.ActiveCfg = RelWithDebInfo|x64
		{25267C20-7927-3DED-91A2-F7D79BAFF22A}.RelWithDebInfo|x64.Build.0 = RelWithDebInfo|x64
		{3D3DD1D8-45C6-3777-A9B4-43394C4522AC}.Debug|x64.ActiveCfg = Debug|x64
		{3D3DD1D8-45C6-3777-A9B4-43394C4522AC}.Debug|x64.Build.0 = Debug|x64
		{3D3DD1D8-45C6-3777-A9B4-43394C4522AC}.Release|x64.ActiveCfg = Release|x64
		{3D3DD1D8-45C6-3777-A9B4-43394C4522AC}.Release|x64.Build.0 = Release|x64
		{3D3DD1D8-45C6-3777-A9B4-43394C4522AC}.MinSizeRel|x64.ActiveCfg = MinSizeRel|x64
		{3D3DD1D8-45C6-3777-A9B4-43394C4522AC}.MinSizeRel|x64.Build.0 = MinSizeRel|x64
		{3D3DD1D8-45C6-3777-A9B4-43394C4522AC}.RelWithDebInfo|x64.ActiveCfg = RelWithDebInfo|x64
		{3D3DD1D8-45C6-3777-A9B4-43394C4522AC}.RelWithDebInfo|x64.Build.0 = RelWithDebInfo|x64
		{A44D63FC-980B-392D-BBAF-1CF878CB1EE6}.Debug|x64.ActiveCfg = Debug|x64
		{A44D63FC-980B-392D-BBAF-1CF878CB1EE6}.Debug|x64.Build.0 = Debug|x64
		{A44D63FC-980B-392D-BBAF-1CF878CB1EE6}.Release|x64.ActiveCfg = Release|x64
		{A44D63FC-980B-392D-BBAF-1CF878CB1EE6}.Release|x64.Build.0 = Release|x64
		{A44D63FC-980B-392D-BBAF-1CF878CB1EE6}.MinSizeRel|x64.ActiveCfg = MinSizeRel|x64
		{A44D63FC-980B-392D-BBAF-1CF878CB1EE6}.MinSizeRel|x64.Build.0 = MinSizeRel|x64
		{A44D63FC-980B-392D-BBAF-1CF878CB1EE6}.RelWithDebInfo|x64.ActiveCfg = RelWithDebInfo|x64
		{A44D63FC-980B-392D-BBAF-1CF878CB1EE6}.RelWithDebInfo|x64.Build.0 = RelWithDebInfo|x64
		{4BE7B920-EA50-3D31-90B2-B4C70C7ED7CD}.Debug|x64.ActiveCfg = Debug|x64
		{4BE7B920-EA50-3D31-90B2-B4C70C7ED7CD}.Debug|x64.Build.0 = Debug|x64
		{4BE7B920-EA50-3D31-90B2-B4C70C7ED7CD}.Release|x64.ActiveCfg = Release|x64
		{4BE7B920-EA50-3D31-90B2-B4C70C7ED7CD}.Release|x64.Build.0 = Release|x64
		{4BE7B920-EA50-3D31-90B2-B4C70C7ED7CD}.MinSizeRel|x64.ActiveCfg = MinSizeRel|x64
		{4BE7B920-EA50-3D31-90B2-B4C70C7ED7CD}.MinSizeRel|x64.Build.0 = MinSizeRel|x64
		{4BE7B920-EA50-3D31-90B2-B4C70C7ED7CD}.RelWithDebInfo|x64.ActiveCfg = RelWithDebInfo|x64
		{4BE7B920-EA50-3D31-90B2-B4C70C7ED7CD}.RelWithDebInfo|x64.Build.0 = RelWithDebInfo|x64
		{9B897C06-4E86-30B8-83E4-B8C083F529A0}.Debug|x64.ActiveCfg = Debug|x64
		{9B897C06-4E86-30B8-83E4-B8C083F529A0}.Debug|x64.Build.0 = Debug|x64
		{9B897C06-4E86-30B8-83E4-B8C083F529A0}.Release|x64.ActiveCfg = Release|x64
		{9B897C06-4E86-30B8-83E4-B8C083F529A0}.Release|x64.Build.0 = Release|x64
		{9B897C06-4E86-30B8-83E4-B8C083F529A0}.MinSizeRel|x64.ActiveCfg = MinSizeRel|x64
		{9B897C06-4E86-30B8-83E4-B8C083F529A0}.MinSizeRel|x64.Build.0 = MinSizeRel|x64
		{9B897C06-4E86-30B8-83E4-B8C083F529A0}.RelWithDebInfo|x64.ActiveCfg = RelWithDebInfo|x64
		{9B897C06-4E86-30B8-83E4-B8C083F529A0}.RelWithDebInfo|x64.Build.0 = RelWithDebInfo|x64
		{4F9A2F9A-7A19-39BF-B178-B86727C2DE27}.Debug|x64.ActiveCfg = Debug|x64
		{4F9A2F9A-7A19-39BF-B178-B86727C2DE27}.Debug|x64.Build.0 = Debug|x64
		{4F9A2F9A-7A19-39BF-B178-B86727C2DE27}.Release|x64.ActiveCfg = Release|x64
		{4F9A2F9A-7A19-39BF-B178-B86727C2DE27}.Release|x64.Build.0 = Release|x64
		{4F9A2F9A-7A19-39BF-B178-B86727C2DE27}.MinSizeRel|x64.ActiveCfg = MinSizeRel|x64
		{4F9A2F9A-7A19-39BF-B178-B86727C2DE27}.MinSizeRel|x64.Build.0 = MinSizeRel|x64
		{4F9A2F9A-7A19-39BF-B178-B86727C2DE27}.RelWithDebInfo|x64.ActiveCfg = RelWithDebInfo|x64
		{4F9A2F9A-7A19-39BF-B178-B86727C2DE27}.RelWithDebInfo|x64.Build.0 = RelWithDebInfo|x64
		{803ECBA1-6728-3683-876D-74A36312C99D}.Debug|x64.ActiveCfg = Debug|x64
		{803ECBA1-6728-3683-876D-74A36312C99D}.Debug|x64.Build.0 = Debug|x64
		{803ECBA1-6728-3683-876D-74A36312C99D}.Release|x64.ActiveCfg = Release|x64
		{803ECBA1-6728-3683-876D-74A36312C99D}.Release|x64.Build.0 = Release|x64
		{803ECBA1-6728-3683-876D-74A36312C99D}.MinSizeRel|x64.ActiveCfg = MinSizeRel|x64
		{803ECBA1-6728-3683-876D-74A36312C99D}.MinSizeRel|x64.Build.0 = MinSizeRel|x64
		{803ECBA1-6728-3683-876D-74A36312C99D}.RelWithDebInfo|x64.ActiveCfg = RelWithDebInfo|x64
		{803ECBA1-6728-3683-876D-74A36312C99D}.RelWithDebInfo|x64.Build.0 = RelWithDebInfo|x64
		{94D8BDCC-C5B6-3787-B67C-691F448A69E9}.Debug|x64.ActiveCfg = Debug|x64
		{94D8BDCC-C5B6-3787-B67C-691F448A69E9}.Debug|x64.Build.0 = Debug|x64
		{94D8BDCC-C5B6-3787-B67C-691F448A69E9}.Release|x64.ActiveCfg = Release|x64
		{94D8BDCC-C5B6-3787-B67C-691F448A69E9}.Release|x64.Build.0 = Release|x64
		{94D8BDCC-C5B6-3787-B67C-691F448A69E9}.MinSizeRel|x64.ActiveCfg = MinSizeRel|x64
		{94D8BDCC-C5B6-3787-B67C-691F448A69E9}.MinSizeRel|x64.Build.0 = MinSizeRel|x64
		{94D8BDCC-C5B6-3787-B67C-691F448A69E9}.RelWithDebInfo|x64.ActiveCfg = RelWithDebInfo|x64
		{94D8BDCC-C5B6-3787-B67C-691F448A69E9}.RelWithDebInfo|x64.Build.0 = RelWithDebInfo|x64
		{5A9EAA39-DDA7-3B0F-924D-7C00AACE8EAF}.Debug|x64.ActiveCfg = Debug|x64
		{5A9EAA39-DDA7-3B0F-924D-7C00AACE8EAF}.Debug|x64.Build.0 = Debug|x64
		{5A9EAA39-DDA7-3B0F-924D-7C00AACE8EAF}.Release|x64.ActiveCfg = Release|x64
		{5A9EAA39-DDA7-3B0F-924D-7C00AACE8EAF}.Release|x64.Build.0 = Release|x64
		{5A9EAA39-DDA7-3B0F-924D-7C00AACE8EAF}.MinSizeRel|x64.ActiveCfg = MinSizeRel|x64
		{5A9EAA39-DDA7-3B0F-924D-7C00AACE8EAF}.MinSizeRel|x64.Build.0 = MinSizeRel|x64
		{5A9EAA39-DDA7-3B0F-924D-7C00AACE8EAF}.RelWithDebInfo|x64.ActiveCfg = RelWithDebInfo|x64
		{5A9EAA39-DDA7-3B0F-924D-7C00AACE8EAF}.RelWithDebInfo|x64.Build.0 = RelWithDebInfo|x64
	EndGlobalSection
	GlobalSection(ExtensibilityGlobals) = postSolution
		SolutionGuid = {DC916103-1296-325F-9269-56AD1FC2715E}
	EndGlobalSection
	GlobalSection(ExtensibilityAddIns) = postSolution
	EndGlobalSection
EndGlobal
