<?xml version="1.0" encoding="utf-8"?>
<Project ToolsVersion="16.0" xmlns="http://schemas.microsoft.com/developer/msbuild/2003">
  <ItemGroup>
    <CustomBuild Include="E:\Development\moja-global\GSoC.FLINT.Refactoring_Core_Code\moja-benchmark\fmt-7.0.1\CMakeFiles\90553c6b05db8e51a135bae7980a33dc\RUN_TESTS_force.rule">
      <Filter>CMake Rules</Filter>
    </CustomBuild>
  </ItemGroup>
  <ItemGroup>
    <Filter Include="CMake Rules">
      <UniqueIdentifier>{EA703B6C-B3A6-3E55-8708-1B6C099064F0}</UniqueIdentifier>
    </Filter>
  </ItemGroup>
</Project>
